{
  "name": "@contents",
  "requires": true,
  "lockfileVersion": 1,
  "dependencies": {
    "@types/prop-types": {
      "version": "15.7.3",
      "resolved": "https://registry.npmjs.org/@types/prop-types/-/prop-types-15.7.3.tgz",
      "integrity": "sha512-KfRL3PuHmqQLOG+2tGpRO26Ctg+Cq1E01D2DMriKEATHgWLfeNDmq9e29Q9WIky0dQ3NPkd1mzYH8Lm936Z9qw==",
      "dev": true
    },
    "@types/react": {
      "version": "17.0.0",
      "resolved": "https://registry.npmjs.org/@types/react/-/react-17.0.0.tgz",
      "integrity": "sha512-aj/L7RIMsRlWML3YB6KZiXB3fV2t41+5RBGYF8z+tAKU43Px8C3cYUZsDvf1/+Bm4FK21QWBrDutu8ZJ/70qOw==",
      "dev": true,
      "requires": {
        "@types/prop-types": "*",
        "csstype": "^3.0.2"
      }
    },
    "@types/react-native": {
      "version": "0.63.42",
      "resolved": "https://registry.npmjs.org/@types/react-native/-/react-native-0.63.42.tgz",
      "integrity": "sha512-zb7m2Uwfz6MQh/Nq1DDAmzTRO+EQWV7ZyRl9ZZ2QLd1480xjRjPDQqRkp4vuk3gyRlQtwi0v9I3tOh2IxHFujw==",
      "dev": true,
      "requires": {
        "@types/react": "*"
      }
    },
    "@types/react-native-calendars": {
      "version": "1.505.0",
      "resolved": "https://registry.npmjs.org/@types/react-native-calendars/-/react-native-calendars-1.505.0.tgz",
      "integrity": "sha512-2Th/n4AG000Yas9IgfOAyobrrvL4lrXcHEMrNwMd9toe+Q4oiPe1wrhh3T6uqQ+n+771Kuq9/sQv3NLBcZUOxg==",
      "dev": true,
      "requires": {
        "@types/react": "*",
        "@types/react-native": "*",
        "@types/xdate": "*"
      }
    },
    "@types/xdate": {
      "version": "0.8.31",
      "resolved": "https://registry.npmjs.org/@types/xdate/-/xdate-0.8.31.tgz",
      "integrity": "sha512-iZYRKKK8UZXoepNh2kwK6TPITMj/dwdv0NzNi9DFMt2foGkU7h+ncaCpGsdD2fp/CXMs9dxPAzV9uddFy7c4QA==",
      "dev": true
    },
    "csstype": {
      "version": "3.0.5",
      "resolved": "https://registry.npmjs.org/csstype/-/csstype-3.0.5.tgz",
      "integrity": "sha512-uVDi8LpBUKQj6sdxNaTetL6FpeCqTjOvAQuQUa/qAqq8oOd4ivkbhgnqayl0dnPal8Tb/yB1tF+gOvCBiicaiQ==",
      "dev": true
    }
  }
}
